{
  "name": "MiAgente - OpenCode AI Personalizado",
  "version": "1.0.0",
  "lockfileVersion": 3,
  "requires": true,
  "packages": {
    "": {
      "name": "MiAgente - OpenCode AI Personalizado",
      "version": "1.0.0",
      "license": "MIT",
      "dependencies": {
        "opencode-ai": "latest"
      },
      "engines": {
        "node": ">=18.0.0"
      }
    },
    "node_modules/opencode-ai": {
      "version": "1.0.193",
      "resolved": "https://registry.npmjs.org/opencode-ai/-/opencode-ai-1.0.193.tgz",
      "integrity": "sha512-AcP6tG+Y43XEwYITqKd8xJoCKZVck4zilWcdLvaCrn4zgbgWyDbqzb58n4Ssc0eg69wbjiXyWr3qJj2q+B10hg==",
      "hasInstallScript": true,
      "bin": {
        "opencode": "bin/opencode"
      },
      "optionalDependencies": {
        "opencode-darwin-arm64": "1.0.193",
        "opencode-darwin-x64": "1.0.193",
        "opencode-darwin-x64-baseline": "1.0.193",
        "opencode-linux-arm64": "1.0.193",
        "opencode-linux-arm64-musl": "1.0.193",
        "opencode-linux-x64": "1.0.193",
        "opencode-linux-x64-baseline": "1.0.193",
        "opencode-linux-x64-baseline-musl": "1.0.193",
        "opencode-linux-x64-musl": "1.0.193",
        "opencode-windows-x64": "1.0.193",
        "opencode-windows-x64-baseline": "1.0.193"
      }
    },
    "node_modules/opencode-darwin-arm64": {
      "version": "1.0.193",
      "resolved": "https://registry.npmjs.org/opencode-darwin-arm64/-/opencode-darwin-arm64-1.0.193.tgz",
      "integrity": "sha512-RTTSsgfQIw0BEuspJ2b98dE4Hm0o+vJe/SqR0gcZiVUZxdStiQ+euQUgFw8hic0Kx8TykxUVDSx9HqOYRJp2Kw==",
      "cpu": [
        "arm64"
      ],
      "optional": true,
      "os": [
        "darwin"
      ]
    },
    "node_modules/opencode-darwin-x64": {
      "version": "1.0.193",
      "resolved": "https://registry.npmjs.org/opencode-darwin-x64/-/opencode-darwin-x64-1.0.193.tgz",
      "integrity": "sha512-TVHCSzn7/Gjpxjqu53YIPHqzmVzfCbjfcReAb/Wrt1siQwME8P/d50FwAjCltf/SCCzFmgiOEaR8dFxp4QpSEw==",
      "cpu": [
        "x64"
      ],
      "optional": true,
      "os": [
        "darwin"
      ]
    },
    "node_modules/opencode-darwin-x64-baseline": {
      "version": "1.0.193",
      "resolved": "https://registry.npmjs.org/opencode-darwin-x64-baseline/-/opencode-darwin-x64-baseline-1.0.193.tgz",
      "integrity": "sha512-jRxyerPvtFkat9GSsJ5N9CF5IiZ1Y5lBWa1S7XBF/M13SjthGYsa+EdENtiRjmLmcaGbR5GUsqvL8LqyBdNoqA==",
      "cpu": [
        "x64"
      ],
      "optional": true,
      "os": [
        "darwin"
      ]
    },
    "node_modules/opencode-linux-arm64": {
      "version": "1.0.193",
      "resolved": "https://registry.npmjs.org/opencode-linux-arm64/-/opencode-linux-arm64-1.0.193.tgz",
      "integrity": "sha512-HGvGFCMvgNv5K0L7BRJx8Kz3ZgEG78B1vnjqlbobRcfqRCCvBaGElSAInyhk5+IOyuwvvv0ZujlmSUEHbd4NaQ==",
      "cpu": [
        "arm64"
      ],
      "optional": true,
      "os": [
        "linux"
      ]
    },
    "node_modules/opencode-linux-arm64-musl": {
      "version": "1.0.193",
      "resolved": "https://registry.npmjs.org/opencode-linux-arm64-musl/-/opencode-linux-arm64-musl-1.0.193.tgz",
      "integrity": "sha512-YtwT93asicH3wk2OJz0XQIXG1IlboLaZ1pa4i82ipupjzhs4irWUW+rPwfu/NyIHEp00FqCprGtgatCwFM2uxw==",
      "cpu": [
        "arm64"
      ],
      "optional": true,
      "os": [
        "linux"
      ]
    },
    "node_modules/opencode-linux-x64": {
      "version": "1.0.193",
      "resolved": "https://registry.npmjs.org/opencode-linux-x64/-/opencode-linux-x64-1.0.193.tgz",
      "integrity": "sha512-Zkna23nn7c9nqduu14dTa8UuZ6AlPAOV96wuAPmfwXPUoah2DzJz/MBgt1cP7i3ZojjnREICqcDeU3o/ldZojQ==",
      "cpu": [
        "x64"
      ],
      "optional": true,
      "os": [
        "linux"
      ]
    },
    "node_modules/opencode-linux-x64-baseline": {
      "version": "1.0.193",
      "resolved": "https://registry.npmjs.org/opencode-linux-x64-baseline/-/opencode-linux-x64-baseline-1.0.193.tgz",
      "integrity": "sha512-yrWk3cGeu2qddmYJE8iUN/7hOOB5IxDDYhpwhaR48KM4wbxDFY5rG1l69ovTlImpsi+tjMlmOFzIq8j62wV8bQ==",
      "cpu": [
        "x64"
      ],
      "optional": true,
      "os": [
        "linux"
      ]
    },
    "node_modules/opencode-linux-x64-baseline-musl": {
      "version": "1.0.193",
      "resolved": "https://registry.npmjs.org/opencode-linux-x64-baseline-musl/-/opencode-linux-x64-baseline-musl-1.0.193.tgz",
      "integrity": "sha512-cdsqzXIUWuDG5s5YPodG7/Mvg4rPRXjxy/lqWdGs9M9rjFBOElS67OZjHgJP43UQDQp3YkIutIgfv/3NHkxbxg==",
      "cpu": [
        "x64"
      ],
      "optional": true,
      "os": [
        "linux"
      ]
    },
    "node_modules/opencode-linux-x64-musl": {
      "version": "1.0.193",
      "resolved": "https://registry.npmjs.org/opencode-linux-x64-musl/-/opencode-linux-x64-musl-1.0.193.tgz",
      "integrity": "sha512-5ntoiyAYxma0ZIRKUfCD7GDLIoZ8wFQknXGdksUwlhC50mQ/ocDcM3A66ek+MQI3aIGEzjvTdUko//YxGYFu7w==",
      "cpu": [
        "x64"
      ],
      "optional": true,
      "os": [
        "linux"
      ]
    },
    "node_modules/opencode-windows-x64": {
      "version": "1.0.193",
      "resolved": "https://registry.npmjs.org/opencode-windows-x64/-/opencode-windows-x64-1.0.193.tgz",
      "integrity": "sha512-6TZ5GstZWkA6Dt19L9idqgsyG+v5/tIu7QEAbYeTIciBTEK2L7afhieGOGG3l5d8iuq4ykU+FDc02760QRzu8w==",
      "cpu": [
        "x64"
      ],
      "optional": true,
      "os": [
        "win32"
      ]
    },
    "node_modules/opencode-windows-x64-baseline": {
      "version": "1.0.193",
      "resolved": "https://registry.npmjs.org/opencode-windows-x64-baseline/-/opencode-windows-x64-baseline-1.0.193.tgz",
      "integrity": "sha512-LUd15rC8BU4Cmax1ZMI6bx8iyaK0o0SOB65LIFOHJJxJjb4u0hu5Oa53jWFQ5u8dNMrQQ3d+QYoTy2VoruT6Hw==",
      "cpu": [
        "x64"
      ],
      "optional": true,
      "os": [
        "win32"
      ]
    }
  }
}
